// !$*UTF8*$!
{
	archiveVersion = 1;
	classes = {
	};
	objectVersion = 77;
	objects = {

/* Begin PBXContainerItemProxy section */
		C0685D0B2E8081BF00E59C0B /* PBXContainerItemProxy */ = {
			isa = PBXContainerItemProxy;
			containerPortal = C0685CEC2E8081BC00E59C0B /* Project object */;
			proxyType = 1;
			remoteGlobalIDString = C0685CF32E8081BC00E59C0B;
			remoteInfo = TowCam;
		};
		C0685D152E8081BF00E59C0B /* PBXContainerItemProxy */ = {
			isa = PBXContainerItemProxy;
			containerPortal = C0685CEC2E8081BC00E59C0B /* Project object */;
			proxyType = 1;
			remoteGlobalIDString = C0685CF32E8081BC00E59C0B;
			remoteInfo = TowCam;
		};
/* End PBXContainerItemProxy section */

/* Begin PBXFileReference section */
		C0685CF42E8081BC00E59C0B /* TowCam.app */ = {isa = PBXFileReference; explicitFileType = wrapper.application; includeInIndex = 0; path = TowCam.app; sourceTree = BUILT_PRODUCTS_DIR; };
		C0685D0A2E8081BF00E59C0B /* TowCamTests.xctest */ = {isa = PBXFileReference; explicitFileType = wrapper.cfbundle; includeInIndex = 0; path = TowCamTests.xctest; sourceTree = BUILT_PRODUCTS_DIR; };
		C0685D142E8081BF00E59C0B /* TowCamUITests.xctest */ = {isa = PBXFileReference; explicitFileType = wrapper.cfbundle; includeInIndex = 0; path = TowCamUITests.xctest; sourceTree = BUILT_PRODUCTS_DIR; };
/* End PBXFileReference section */

/* Begin PBXFileSystemSynchronizedBuildFileExceptionSet section */
		C0685D1C2E8081BF00E59C0B /* Exceptions for "TowCam" folder in "TowCam" target */ = {
			isa = PBXFileSystemSynchronizedBuildFileExceptionSet;
			membershipExceptions = (
				Info.plist,
			);
			target = C0685CF32E8081BC00E59C0B /* TowCam */;
		};
/* End PBXFileSystemSynchronizedBuildFileExceptionSet section */

/* Begin PBXFileSystemSynchronizedRootGroup section */
		C0685CF62E8081BC00E59C0B /* TowCam */ = {
			isa = PBXFileSystemSynchronizedRootGroup;
			exceptions = (
				C0685D1C2E8081BF00E59C0B /* Exceptions for "TowCam" folder in "TowCam" target */,
			);
			path = TowCam;
			sourceTree = "<group>";
		};
		C0685D0D2E8081BF00E59C0B /* TowCamTests */ = {
			isa = PBXFileSystemSynchronizedRootGroup;
			path = TowCamTests;
			sourceTree = "<group>";
		};
		C0685D172E8081BF00E59C0B /* TowCamUITests */ = {
			isa = PBXFileSystemSynchronizedRootGroup;
			path = TowCamUITests;
			sourceTree = "<group>";
		};
/* End PBXFileSystemSynchronizedRootGroup section */

/* Begin PBXFrameworksBuildPhase section */
		C0685CF12E8081BC00E59C0B /* Frameworks */ = {
			isa = PBXFrameworksBuildPhase;
			buildActionMask = 2147483647;
			files = (
			);
			runOnlyForDeploymentPostprocessing = 0;
		};
		C0685D072E8081BF00E59C0B /* Frameworks */ = {
			isa = PBXFrameworksBuildPhase;
			buildActionMask = 2147483647;
			files = (
			);
			runOnlyForDeploymentPostprocessing = 0;
		};
		C0685D112E8081BF00E59C0B /* Frameworks */ = {
			isa = PBXFrameworksBuildPhase;
			buildActionMask = 2147483647;
			files = (
			);
			runOnlyForDeploymentPostprocessing = 0;
		};
/* End PBXFrameworksBuildPhase section */

/* Begin PBXGroup section */
		C0685CEB2E8081BC00E59C0B = {
			isa = PBXGroup;
			children = (
				C0685CF62E8081BC00E59C0B /* TowCam */,
				C0685D0D2E8081BF00E59C0B /* TowCamTests */,
				C0685D172E8081BF00E59C0B /* TowCamUITests */,
				C0685CF52E8081BC00E59C0B /* Products */,
			);
			sourceTree = "<group>";
		};
		C0685CF52E8081BC00E59C0B /* Products */ = {
			isa = PBXGroup;
			children = (
				C0685CF42E8081BC00E59C0B /* TowCam.app */,
				C0685D0A2E8081BF00E59C0B /* TowCamTests.xctest */,
				C0685D142E8081BF00E59C0B /* TowCamUITests.xctest */,
			);
			name = Products;
			sourceTree = "<group>";
		};
/* End PBXGroup section */

/* Begin PBXNativeTarget section */
		C0685CF32E8081BC00E59C0B /* TowCam */ = {
			isa = PBXNativeTarget;
			buildConfigurationList = C0685D1D2E8081BF00E59C0B /* Build configuration list for PBXNativeTarget "TowCam" */;
			buildPhases = (
				C0685CF02E8081BC00E59C0B /* Sources */,
				C0685CF12E8081BC00E59C0B /* Frameworks */,
				C0685CF22E8081BC00E59C0B /* Resources */,
			);
			buildRules = (
			);
			dependencies = (
			);
			fileSystemSynchronizedGroups = (
				C0685CF62E8081BC00E59C0B /* TowCam */,
			);
			name = TowCam;
			packageProductDependencies = (
			);
			productName = TowCam;
			productReference = C0685CF42E8081BC00E59C0B /* TowCam.app */;
			productType = "com.apple.product-type.application";
		};
		C0685D092E8081BF00E59C0B /* TowCamTests */ = {
			isa = PBXNativeTarget;
			buildConfigurationList = C0685D222E8081BF00E59C0B /* Build configuration list for PBXNativeTarget "TowCamTests" */;
			buildPhases = (
				C0685D062E8081BF00E59C0B /* Sources */,
				C0685D072E8081BF00E59C0B /* Frameworks */,
				C0685D082E8081BF00E59C0B /* Resources */,
			);
			buildRules = (
			);
			dependencies = (
				C0685D0C2E8081BF00E59C0B /* PBXTargetDependency */,
			);
			fileSystemSynchronizedGroups = (
				C0685D0D2E8081BF00E59C0B /* TowCamTests */,
			);
			name = TowCamTests;
			packageProductDependencies = (
			);
			productName = TowCamTests;
			productReference = C0685D0A2E8081BF00E59C0B /* TowCamTests.xctest */;
			productType = "com.apple.product-type.bundle.unit-test";
		};
		C0685D132E8081BF00E59C0B /* TowCamUITests */ = {
			isa = PBXNativeTarget;
			buildConfigurationList = C0685D252E8081BF00E59C0B /* Build configuration list for PBXNativeTarget "TowCamUITests" */;
			buildPhases = (
				C0685D102E8081BF00E59C0B /* Sources */,
				C0685D112E8081BF00E59C0B /* Frameworks */,
				C0685D122E8081BF00E59C0B /* Resources */,
			);
			buildRules = (
			);
			dependencies = (
				C0685D162E8081BF00E59C0B /* PBXTargetDependency */,
			);
			fileSystemSynchronizedGroups = (
				C0685D172E8081BF00E59C0B /* TowCamUITests */,
			);
			name = TowCamUITests;
			packageProductDependencies = (
			);
			productName = TowCamUITests;
			productReference = C0685D142E8081BF00E59C0B /* TowCamUITests.xctest */;
			productType = "com.apple.product-type.bundle.ui-testing";
		};
/* End PBXNativeTarget section */

/* Begin PBXProject section */
		C0685CEC2E8081BC00E59C0B /* Project object */ = {
			isa = PBXProject;
			attributes = {
				BuildIndependentTargetsInParallel = 1;
				LastSwiftUpdateCheck = 1640;
				LastUpgradeCheck = 1640;
				TargetAttributes = {
					C0685CF32E8081BC00E59C0B = {
						CreatedOnToolsVersion = 16.4;
					};
					C0685D092E8081BF00E59C0B = {
						CreatedOnToolsVersion = 16.4;
						TestTargetID = C0685CF32E8081BC00E59C0B;
					};
					C0685D132E8081BF00E59C0B = {
						CreatedOnToolsVersion = 16.4;
						TestTargetID = C0685CF32E8081BC00E59C0B;
					};
				};
			};
			buildConfigurationList = C0685CEF2E8081BC00E59C0B /* Build configuration list for PBXProject "TowCam" */;
			developmentRegion = en;
			hasScannedForEncodings = 0;
			knownRegions = (
				en,
				Base,
			);
			mainGroup = C0685CEB2E8081BC00E59C0B;
			minimizedProjectReferenceProxies = 1;
			preferredProjectObjectVersion = 77;
			productRefGroup = C0685CF52E8081BC00E59C0B /* Products */;
			projectDirPath = "";
			projectRoot = "";
			targets = (
				C0685CF32E8081BC00E59C0B /* TowCam */,
				C0685D092E8081BF00E59C0B /* TowCamTests */,
				C0685D132E8081BF00E59C0B /* TowCamUITests */,
			);
		};
/* End PBXProject section */

/* Begin PBXResourcesBuildPhase section */
		C0685CF22E8081BC00E59C0B /* Resources */ = {
			isa = PBXResourcesBuildPhase;
			buildActionMask = 2147483647;
			files = (
			);
			runOnlyForDeploymentPostprocessing = 0;
		};
		C0685D082E8081BF00E59C0B /* Resources */ = {
			isa = PBXResourcesBuildPhase;
			buildActionMask = 2147483647;
			files = (
			);
			runOnlyForDeploymentPostprocessing = 0;
		};
		C0685D122E8081BF00E59C0B /* Resources */ = {
			isa = PBXResourcesBuildPhase;
			buildActionMask = 2147483647;
			files = (
			);
			runOnlyForDeploymentPostprocessing = 0;
		};
/* End PBXResourcesBuildPhase section */

/* Begin PBXSourcesBuildPhase section */
		C0685CF02E8081BC00E59C0B /* Sources */ = {
			isa = PBXSourcesBuildPhase;
			buildActionMask = 2147483647;
			files = (
			);
			runOnlyForDeploymentPostprocessing = 0;
		};
		C0685D062E8081BF00E59C0B /* Sources */ = {
			isa = PBXSourcesBuildPhase;
			buildActionMask = 2147483647;
			files = (
			);
			runOnlyForDeploymentPostprocessing = 0;
		};
		C0685D102E8081BF00E59C0B /* Sources */ = {
			isa = PBXSourcesBuildPhase;
			buildActionMask = 2147483647;
			files = (
			);
			runOnlyForDeploymentPostprocessing = 0;
		};
/* End PBXSourcesBuildPhase section */

/* Begin PBXTargetDependency section */
		C0685D0C2E8081BF00E59C0B /* PBXTargetDependency */ = {
			isa = PBXTargetDependency;
			target = C0685CF32E8081BC00E59C0B /* TowCam */;
			targetProxy = C0685D0B2E8081BF00E59C0B /* PBXContainerItemProxy */;
		};
		C0685D162E8081BF00E59C0B /* PBXTargetDependency */ = {
			isa = PBXTargetDependency;
			target = C0685CF32E8081BC00E59C0B /* TowCam */;
			targetProxy = C0685D152E8081BF00E59C0B /* PBXContainerItemProxy */;
		};
/* End PBXTargetDependency section */

/* Begin XCBuildConfiguration section */
		C0685D1E2E8081BF00E59C0B /* Debug */ = {
			isa = XCBuildConfiguration;
			buildSettings = {
				ASSETCATALOG_COMPILER_APPICON_NAME = AppIcon;
				ASSETCATALOG_COMPILER_GLOBAL_ACCENT_COLOR_NAME = AccentColor;
				CODE_SIGN_STYLE = Automatic;
				CURRENT_PROJECT_VERSION = 1;
				DEVELOPMENT_TEAM = UNP45WDK5T;
				GENERATE_INFOPLIST_FILE = YES;
				INFOPLIST_FILE = TowCam/Info.plist;
				INFOPLIST_KEY_UIApplicationSupportsIndirectInputEvents = YES;
				INFOPLIST_KEY_UILaunchStoryboardName = LaunchScreen;
				INFOPLIST_KEY_UIMainStoryboardFile = Main;
				INFOPLIST_KEY_UISupportedInterfaceOrientations_iPad = "UIInterfaceOrientationPortrait UIInterfaceOrientationPortraitUpsideDown UIInterfaceOrientationLandscapeLeft UIInterfaceOrientationLandscapeRight";
				INFOPLIST_KEY_UISupportedInterfaceOrientations_iPhone = "UIInterfaceOrientationPortrait UIInterfaceOrientationLandscapeLeft UIInterfaceOrientationLandscapeRight";
				LD_RUNPATH_SEARCH_PATHS = (
					"$(inherited)",
					"@executable_path/Frameworks",
				);
				MARKETING_VERSION = 1.0;
				PRODUCT_BUNDLE_IDENTIFIER = adib.adtriki.TowCam;
				PRODUCT_NAME = "$(TARGET_NAME)";
				SWIFT_EMIT_LOC_STRINGS = YES;
				SWIFT_VERSION = 5.0;
				TARGETED_DEVICE_FAMILY = "1,2";
			};
			name = Debug;
		};
		C0685D1F2E8081BF00E59C0B /* Release */ = {
			isa = XCBuildConfiguration;
			buildSettings = {
				ASSETCATALOG_COMPILER_APPICON_NAME = AppIcon;
				ASSETCATALOG_COMPILER_GLOBAL_ACCENT_COLOR_NAME = AccentColor;
				CODE_SIGN_STYLE = Automatic;
				CURRENT_PROJECT_VERSION = 1;
				DEVELOPMENT_TEAM = UNP45WDK5T;
				GENERATE_INFOPLIST_FILE = YES;
				INFOPLIST_FILE = TowCam/Info.plist;
				INFOPLIST_KEY_UIApplicationSupportsIndirectInputEvents = YES;
				INFOPLIST_KEY_UILaunchStoryboardName = LaunchScreen;
				INFOPLIST_KEY_UIMainStoryboardFile = Main;
				INFOPLIST_KEY_UISupportedInterfaceOrientations_iPad = "UIInterfaceOrientationPortrait UIInterfaceOrientationPortraitUpsideDown UIInterfaceOrientationLandscapeLeft UIInterfaceOrientationLandscapeRight";
				INFOPLIST_KEY_UISupportedInterfaceOrientations_iPhone = "UIInterfaceOrientationPortrait UIInterfaceOrientationLandscapeLeft UIInterfaceOrientationLandscapeRight";
				LD_RUNPATH_SEARCH_PATHS = (
					"$(inherited)",
					"@executable_path/Frameworks",
				);
				MARKETING_VERSION = 1.0;
				PRODUCT_BUNDLE_IDENTIFIER = adib.adtriki.TowCam;
				PRODUCT_NAME = "$(TARGET_NAME)";
				SWIFT_EMIT_LOC_STRINGS = YES;
				SWIFT_VERSION = 5.0;
				TARGETED_DEVICE_FAMILY = "1,2";
			};
			name = Release;
		};
		C0685D202E8081BF00E59C0B /* Debug */ = {
			isa = XCBuildConfiguration;
			buildSettings = {
				ALWAYS_SEARCH_USER_PATHS = NO;
				ASSETCATALOG_COMPILER_GENERATE_SWIFT_ASSET_SYMBOL_EXTENSIONS = YES;
				CLANG_ANALYZER_NONNULL = YES;
				CLANG_ANALYZER_NUMBER_OBJECT_CONVERSION = YES_AGGRESSIVE;
				CLANG_CXX_LANGUAGE_STANDARD = "gnu++20";
				CLANG_ENABLE_MODULES = YES;
				CLANG_ENABLE_OBJC_ARC = YES;
				CLANG_ENABLE_OBJC_WEAK = YES;
				CLANG_WARN_BLOCK_CAPTURE_AUTORELEASING = YES;
				CLANG_WARN_BOOL_CONVERSION = YES;
				CLANG_WARN_COMMA = YES;
				CLANG_WARN_CONSTANT_CONVERSION = YES;
				CLANG_WARN_DEPRECATED_OBJC_IMPLEMENTATIONS = YES;
				CLANG_WARN_DIRECT_OBJC_ISA_USAGE = YES_ERROR;
				CLANG_WARN_DOCUMENTATION_COMMENTS = YES;
				CLANG_WARN_EMPTY_BODY = YES;
				CLANG_WARN_ENUM_CONVERSION = YES;
				CLANG_WARN_INFINITE_RECURSION = YES;
				CLANG_WARN_INT_CONVERSION = YES;
				CLANG_WARN_NON_LITERAL_NULL_CONVERSION = YES;
				CLANG_WARN_OBJC_IMPLICIT_RETAIN_SELF = YES;
				CLANG_WARN_OBJC_LITERAL_CONVERSION = YES;
				CLANG_WARN_OBJC_ROOT_CLASS = YES_ERROR;
				CLANG_WARN_QUOTED_INCLUDE_IN_FRAMEWORK_HEADER = YES;
				CLANG_WARN_RANGE_LOOP_ANALYSIS = YES;
				CLANG_WARN_STRICT_PROTOTYPES = YES;
				CLANG_WARN_SUSPICIOUS_MOVE = YES;
				CLANG_WARN_UNGUARDED_AVAILABILITY = YES_AGGRESSIVE;
				CLANG_WARN_UNREACHABLE_CODE = YES;
				CLANG_WARN__DUPLICATE_METHOD_MATCH = YES;
				COPY_PHASE_STRIP = NO;
				DEBUG_INFORMATION_FORMAT = dwarf;
				ENABLE_STRICT_OBJC_MSGSEND = YES;
				ENABLE_TESTABILITY = YES;
				ENABLE_USER_SCRIPT_SANDBOXING = YES;
				GCC_C_LANGUAGE_STANDARD = gnu17;
				GCC_DYNAMIC_NO_PIC = NO;
				GCC_NO_COMMON_BLOCKS = YES;
				GCC_OPTIMIZATION_LEVEL = 0;
				GCC_PREPROCESSOR_DEFINITIONS = (
					"DEBUG=1",
					"$(inherited)",
				);
				GCC_WARN_64_TO_32_BIT_CONVERSION = YES;
				GCC_WARN_ABOUT_RETURN_TYPE = YES_ERROR;
				GCC_WARN_UNDECLARED_SELECTOR = YES;
				GCC_WARN_UNINITIALIZED_AUTOS = YES_AGGRESSIVE;
				GCC_WARN_UNUSED_FUNCTION = YES;
				GCC_WARN_UNUSED_VARIABLE = YES;
				IPHONEOS_DEPLOYMENT_TARGET = 18.5;
				LOCALIZATION_PREFERS_STRING_CATALOGS = YES;
				MTL_ENABLE_DEBUG_INFO = INCLUDE_SOURCE;
				MTL_FAST_MATH = YES;
				ONLY_ACTIVE_ARCH = YES;
				SDKROOT = iphoneos;
				SWIFT_ACTIVE_COMPILATION_CONDITIONS = "DEBUG $(inherited)";
				SWIFT_OPTIMIZATION_LEVEL = "-Onone";
			};
			name = Debug;
		};
		C0685D212E8081BF00E59C0B /* Release */ = {
			isa = XCBuildConfiguration;
			buildSettings = {
				ALWAYS_SEARCH_USER_PATHS = NO;
				ASSETCATALOG_COMPILER_GENERATE_SWIFT_ASSET_SYMBOL_EXTENSIONS = YES;
				CLANG_ANALYZER_NONNULL = YES;
				CLANG_ANALYZER_NUMBER_OBJECT_CONVERSION = YES_AGGRESSIVE;
				CLANG_CXX_LANGUAGE_STANDARD = "gnu++20";
				CLANG_ENABLE_MODULES = YES;
				CLANG_ENABLE_OBJC_ARC = YES;
				CLANG_ENABLE_OBJC_WEAK = YES;
				CLANG_WARN_BLOCK_CAPTURE_AUTORELEASING = YES;
				CLANG_WARN_BOOL_CONVERSION = YES;
				CLANG_WARN_COMMA = YES;
				CLANG_WARN_CONSTANT_CONVERSION = YES;
				CLANG_WARN_DEPRECATED_OBJC_IMPLEMENTATIONS = YES;
				CLANG_WARN_DIRECT_OBJC_ISA_USAGE = YES_ERROR;
				CLANG_WARN_DOCUMENTATION_COMMENTS = YES;
				CLANG_WARN_EMPTY_BODY = YES;
				CLANG_WARN_ENUM_CONVERSION = YES;
				CLANG_WARN_INFINITE_RECURSION = YES;
				CLANG_WARN_INT_CONVERSION = YES;
				CLANG_WARN_NON_LITERAL_NULL_CONVERSION = YES;
				CLANG_WARN_OBJC_IMPLICIT_RETAIN_SELF = YES;
				CLANG_WARN_OBJC_LITERAL_CONVERSION = YES;
				CLANG_WARN_OBJC_ROOT_CLASS = YES_ERROR;
				CLANG_WARN_QUOTED_INCLUDE_IN_FRAMEWORK_HEADER = YES;
				CLANG_WARN_RANGE_LOOP_ANALYSIS = YES;
				CLANG_WARN_STRICT_PROTOTYPES = YES;
				CLANG_WARN_SUSPICIOUS_MOVE = YES;
				CLANG_WARN_UNGUARDED_AVAILABILITY = YES_AGGRESSIVE;
				CLANG_WARN_UNREACHABLE_CODE = YES;
				CLANG_WARN__DUPLICATE_METHOD_MATCH = YES;
				COPY_PHASE_STRIP = NO;
				DEBUG_INFORMATION_FORMAT = "dwarf-with-dsym";
				ENABLE_NS_ASSERTIONS = NO;
				ENABLE_STRICT_OBJC_MSGSEND = YES;
				ENABLE_USER_SCRIPT_SANDBOXING = YES;
				GCC_C_LANGUAGE_STANDARD = gnu17;
				GCC_NO_COMMON_BLOCKS = YES;
				GCC_WARN_64_TO_32_BIT_CONVERSION = YES;
				GCC_WARN_ABOUT_RETURN_TYPE = YES_ERROR;
				GCC_WARN_UNDECLARED_SELECTOR = YES;
				GCC_WARN_UNINITIALIZED_AUTOS = YES_AGGRESSIVE;
				GCC_WARN_UNUSED_FUNCTION = YES;
				GCC_WARN_UNUSED_VARIABLE = YES;
				IPHONEOS_DEPLOYMENT_TARGET = 18.5;
				LOCALIZATION_PREFERS_STRING_CATALOGS = YES;
				MTL_ENABLE_DEBUG_INFO = NO;
				MTL_FAST_MATH = YES;
				SDKROOT = iphoneos;
				SWIFT_COMPILATION_MODE = wholemodule;
				VALIDATE_PRODUCT = YES;
			};
			name = Release;
		};
		C0685D232E8081BF00E59C0B /* Debug */ = {
			isa = XCBuildConfiguration;
			buildSettings = {
				BUNDLE_LOADER = "$(TEST_HOST)";
				CODE_SIGN_STYLE = Automatic;
				CURRENT_PROJECT_VERSION = 1;
				GENERATE_INFOPLIST_FILE = YES;
				IPHONEOS_DEPLOYMENT_TARGET = 18.5;
				MARKETING_VERSION = 1.0;
				PRODUCT_BUNDLE_IDENTIFIER = adib.adtriki.TowCamTests;
				PRODUCT_NAME = "$(TARGET_NAME)";
				SWIFT_EMIT_LOC_STRINGS = NO;
				SWIFT_VERSION = 5.0;
				TARGETED_DEVICE_FAMILY = "1,2";
				TEST_HOST = "$(BUILT_PRODUCTS_DIR)/TowCam.app/$(BUNDLE_EXECUTABLE_FOLDER_PATH)/TowCam";
			};
			name = Debug;
		};
		C0685D242E8081BF00E59C0B /* Release */ = {
			isa = XCBuildConfiguration;
			buildSettings = {
				BUNDLE_LOADER = "$(TEST_HOST)";
				CODE_SIGN_STYLE = Automatic;
				CURRENT_PROJECT_VERSION = 1;
				GENERATE_INFOPLIST_FILE = YES;
				IPHONEOS_DEPLOYMENT_TARGET = 18.5;
				MARKETING_VERSION = 1.0;
				PRODUCT_BUNDLE_IDENTIFIER = adib.adtriki.TowCamTests;
				PRODUCT_NAME = "$(TARGET_NAME)";
				SWIFT_EMIT_LOC_STRINGS = NO;
				SWIFT_VERSION = 5.0;
				TARGETED_DEVICE_FAMILY = "1,2";
				TEST_HOST = "$(BUILT_PRODUCTS_DIR)/TowCam.app/$(BUNDLE_EXECUTABLE_FOLDER_PATH)/TowCam";
			};
			name = Release;
		};
		C0685D262E8081BF00E59C0B /* Debug */ = {
			isa = XCBuildConfiguration;
			buildSettings = {
				CODE_SIGN_STYLE = Automatic;
				CURRENT_PROJECT_VERSION = 1;
				GENERATE_INFOPLIST_FILE = YES;
				MARKETING_VERSION = 1.0;
				PRODUCT_BUNDLE_IDENTIFIER = adib.adtriki.TowCamUITests;
				PRODUCT_NAME = "$(TARGET_NAME)";
				SWIFT_EMIT_LOC_STRINGS = NO;
				SWIFT_VERSION = 5.0;
				TARGETED_DEVICE_FAMILY = "1,2";
				TEST_TARGET_NAME = TowCam;
			};
			name = Debug;
		};
		C0685D272E8081BF00E59C0B /* Release */ = {
			isa = XCBuildConfiguration;
			buildSettings = {
				CODE_SIGN_STYLE = Automatic;
				CURRENT_PROJECT_VERSION = 1;
				GENERATE_INFOPLIST_FILE = YES;
				MARKETING_VERSION = 1.0;
				PRODUCT_BUNDLE_IDENTIFIER = adib.adtriki.TowCamUITests;
				PRODUCT_NAME = "$(TARGET_NAME)";
				SWIFT_EMIT_LOC_STRINGS = NO;
				SWIFT_VERSION = 5.0;
				TARGETED_DEVICE_FAMILY = "1,2";
				TEST_TARGET_NAME = TowCam;
			};
			name = Release;
		};
/* End XCBuildConfiguration section */

/* Begin XCConfigurationList section */
		C0685CEF2E8081BC00E59C0B /* Build configuration list for PBXProject "TowCam" */ = {
			isa = XCConfigurationList;
			buildConfigurations = (
				C0685D202E8081BF00E59C0B /* Debug */,
				C0685D212E8081BF00E59C0B /* Release */,
			);
			defaultConfigurationIsVisible = 0;
			defaultConfigurationName = Release;
		};
		C0685D1D2E8081BF00E59C0B /* Build configuration list for PBXNativeTarget "TowCam" */ = {
			isa = XCConfigurationList;
			buildConfigurations = (
				C0685D1E2E8081BF00E59C0B /* Debug */,
				C0685D1F2E8081BF00E59C0B /* Release */,
			);
			defaultConfigurationIsVisible = 0;
			defaultConfigurationName = Release;
		};
		C0685D222E8081BF00E59C0B /* Build configuration list for PBXNativeTarget "TowCamTests" */ = {
			isa = XCConfigurationList;
			buildConfigurations = (
				C0685D232E8081BF00E59C0B /* Debug */,
				C0685D242E8081BF00E59C0B /* Release */,
			);
			defaultConfigurationIsVisible = 0;
			defaultConfigurationName = Release;
		};
		C0685D252E8081BF00E59C0B /* Build configuration list for PBXNativeTarget "TowCamUITests" */ = {
			isa = XCConfigurationList;
			buildConfigurations = (
				C0685D262E8081BF00E59C0B /* Debug */,
				C0685D272E8081BF00E59C0B /* Release */,
			);
			defaultConfigurationIsVisible = 0;
			defaultConfigurationName = Release;
		};
/* End XCConfigurationList section */
	};
	rootObject = C0685CEC2E8081BC00E59C0B /* Project object */;
}
